
Microsoft Visual Studio Solution File, Format Version 12.00
# Visual Studio Version 17
VisualStudioVersion = 17.14.36221.1 d17.14
MinimumVisualStudioVersion = 10.0.40219.1
Project("{FAE04EC0-301F-11D3-BF4B-00C04F79EFBC}") = "WinFormsApp1", "WinFormsApp1\WinFormsApp1.csproj", "{16333FBC-682C-4B37-93A9-ECCB6068D5DD}"
EndProject
Global
	GlobalSection(SolutionConfigurationPlatforms) = preSolution
		Debug|Any CPU = Debug|Any CPU
		Release|Any CPU = Release|Any CPU
	EndGlobalSection
	GlobalSection(ProjectConfigurationPlatforms) = postSolution
		{16333FBC-682C-4B37-93A9-ECCB6068D5DD}.Debug|Any CPU.ActiveCfg = Debug|Any CPU
		{16333FBC-682C-4B37-93A9-ECCB6068D5DD}.Debug|Any CPU.Build.0 = Debug|Any CPU
		{16333FBC-682C-4B37-93A9-ECCB6068D5DD}.Release|Any CPU.ActiveCfg = Release|Any CPU
		{16333FBC-682C-4B37-93A9-ECCB6068D5DD}.Release|Any CPU.Build.0 = Release|Any CPU
	EndGlobalSection
	GlobalSection(SolutionProperties) = preSolution
		HideSolutionNode = FALSE
	EndGlobalSection
	GlobalSection(ExtensibilityGlobals) = postSolution
		SolutionGuid = {0DB5BCA3-BCFA-4430-8506-1C2433F50A1D}
	EndGlobalSection
EndGlobal
